
Microsoft Visual Studio Solution File, Format Version 12.00
# Visual Studio Version 16
VisualStudioVersion = 16.0.30225.117
MinimumVisualStudioVersion = 10.0.40219.1
Project("{FAE04EC0-301F-11D3-BF4B-00C04F79EFBC}") = "InterviewTest", "Test\InterviewTest.csproj", "{55D27068-819C-48BB-8007-FC312616FC13}"
EndProject
Project("{2150E333-8FDC-42A3-9474-1A3956D46DE8}") = "Solution Items", "Solution Items", "{FB2C6C20-05A3-4A1E-936E-7459C8032DD6}"
	ProjectSection(SolutionItems) = preProject
		.editorconfig = .editorconfig
	EndProjectSection
EndProject
Global
	GlobalSection(SolutionConfigurationPlatforms) = preSolution
		Debug|Any CPU = Debug|Any CPU
		Release|Any CPU = Release|Any CPU
	EndGlobalSection
	GlobalSection(ProjectConfigurationPlatforms) = postSolution
		{55D27068-819C-48BB-8007-FC312616FC13}.Debug|Any CPU.ActiveCfg = Debug|Any CPU
		{55D27068-819C-48BB-8007-FC312616FC13}.Debug|Any CPU.Build.0 = Debug|Any CPU
		{55D27068-819C-48BB-8007-FC312616FC13}.Release|Any CPU.ActiveCfg = Release|Any CPU
		{55D27068-819C-48BB-8007-FC312616FC13}.Release|Any CPU.Build.0 = Release|Any CPU
	EndGlobalSection
	GlobalSection(SolutionProperties) = preSolution
		HideSolutionNode = FALSE
	EndGlobalSection
	GlobalSection(ExtensibilityGlobals) = postSolution
		SolutionGuid = {FF56E3B4-21F3-4556-85F9-9480E23CF5BD}
	EndGlobalSection
EndGlobal
